
Microsoft Visual Studio Solution File, Format Version 12.00
# Visual Studio Version 17
VisualStudioVersion = 17.6.33815.320
MinimumVisualStudioVersion = 10.0.40219.1
Project("{FAE04EC0-301F-11D3-BF4B-00C04F79EFBC}") = "SIstemaCRUD", "SIstemaCRUD\SIstemaCRUD.csproj", "{DA6E8CF3-5697-46AC-8FB6-D2E4D4ABC2D6}"
EndProject
Global
	GlobalSection(SolutionConfigurationPlatforms) = preSolution
		Debug|Any CPU = Debug|Any CPU
		Release|Any CPU = Release|Any CPU
	EndGlobalSection
	GlobalSection(ProjectConfigurationPlatforms) = postSolution
		{DA6E8CF3-5697-46AC-8FB6-D2E4D4ABC2D6}.Debug|Any CPU.ActiveCfg = Debug|Any CPU
		{DA6E8CF3-5697-46AC-8FB6-D2E4D4ABC2D6}.Debug|Any CPU.Build.0 = Debug|Any CPU
		{DA6E8CF3-5697-46AC-8FB6-D2E4D4ABC2D6}.Release|Any CPU.ActiveCfg = Release|Any CPU
		{DA6E8CF3-5697-46AC-8FB6-D2E4D4ABC2D6}.Release|Any CPU.Build.0 = Release|Any CPU
	EndGlobalSection
	GlobalSection(SolutionProperties) = preSolution
		HideSolutionNode = FALSE
	EndGlobalSection
	GlobalSection(ExtensibilityGlobals) = postSolution
		SolutionGuid = {B783F93E-1979-47C4-9550-544ACACDC06A}
	EndGlobalSection
EndGlobal
